
Microsoft Visual Studio Solution File, Format Version 12.00
# Visual Studio Version 16
VisualStudioVersion = 16.0.30523.141
MinimumVisualStudioVersion = 10.0.40219.1
Project("{FAE04EC0-301F-11D3-BF4B-00C04F79EFBC}") = "WhistServer", "WhistServer\WhistServer.csproj", "{E7B0DCAC-6F6C-4EAC-80C6-CF06F11047C2}"
EndProject
Global
	GlobalSection(SolutionConfigurationPlatforms) = preSolution
		Debug|Any CPU = Debug|Any CPU
		Release|Any CPU = Release|Any CPU
	EndGlobalSection
	GlobalSection(ProjectConfigurationPlatforms) = postSolution
		{E7B0DCAC-6F6C-4EAC-80C6-CF06F11047C2}.Debug|Any CPU.ActiveCfg = Debug|Any CPU
		{E7B0DCAC-6F6C-4EAC-80C6-CF06F11047C2}.Debug|Any CPU.Build.0 = Debug|Any CPU
		{E7B0DCAC-6F6C-4EAC-80C6-CF06F11047C2}.Release|Any CPU.ActiveCfg = Release|Any CPU
		{E7B0DCAC-6F6C-4EAC-80C6-CF06F11047C2}.Release|Any CPU.Build.0 = Release|Any CPU
	EndGlobalSection
	GlobalSection(SolutionProperties) = preSolution
		HideSolutionNode = FALSE
	EndGlobalSection
	GlobalSection(ExtensibilityGlobals) = postSolution
		SolutionGuid = {9496042B-2969-48B0-B5EA-E4DEA48C5507}
	EndGlobalSection
EndGlobal
