
Microsoft Visual Studio Solution File, Format Version 12.00
# Visual Studio Version 16
VisualStudioVersion = 16.0.30523.141
MinimumVisualStudioVersion = 10.0.40219.1
Project("{FAE04EC0-301F-11D3-BF4B-00C04F79EFBC}") = "WhistCilent", "WhistCilent\WhistCilent.csproj", "{B770BF55-4E30-4D77-A8B0-739685546C25}"
EndProject
Global
	GlobalSection(SolutionConfigurationPlatforms) = preSolution
		Debug|Any CPU = Debug|Any CPU
		Release|Any CPU = Release|Any CPU
	EndGlobalSection
	GlobalSection(ProjectConfigurationPlatforms) = postSolution
		{B770BF55-4E30-4D77-A8B0-739685546C25}.Debug|Any CPU.ActiveCfg = Debug|Any CPU
		{B770BF55-4E30-4D77-A8B0-739685546C25}.Debug|Any CPU.Build.0 = Debug|Any CPU
		{B770BF55-4E30-4D77-A8B0-739685546C25}.Release|Any CPU.ActiveCfg = Release|Any CPU
		{B770BF55-4E30-4D77-A8B0-739685546C25}.Release|Any CPU.Build.0 = Release|Any CPU
	EndGlobalSection
	GlobalSection(SolutionProperties) = preSolution
		HideSolutionNode = FALSE
	EndGlobalSection
	GlobalSection(ExtensibilityGlobals) = postSolution
		SolutionGuid = {C56588B0-13E9-4D86-ADB3-036B470C3FBD}
	EndGlobalSection
EndGlobal
